
Microsoft Visual Studio Solution File, Format Version 12.00
# Visual Studio 14
VisualStudioVersion = 14.0.25420.1
MinimumVisualStudioVersion = 10.0.40219.1
Project("{2150E333-8FDC-42A3-9474-1A3956D46DE8}") = "Tests", "Tests", "{22937B93-4129-4F68-AB14-F7AFE020BA8F}"
EndProject
Project("{2150E333-8FDC-42A3-9474-1A3956D46DE8}") = "src", "src", "{7A2A3C07-B652-4759-AFC4-49378D764784}"
EndProject
Project("{FAE04EC0-301F-11D3-BF4B-00C04F79EFBC}") = "QuickGraph.Graphviz", "QuickGraph.Graphviz\QuickGraph.Graphviz.csproj", "{595D6322-637A-4A36-97F1-D53F3F9ECEA7}"
EndProject
Project("{FAE04EC0-301F-11D3-BF4B-00C04F79EFBC}") = "QuickGraph.Samples", "QuickGraph.Samples\QuickGraph.Samples.csproj", "{8836CFAC-D2B0-47A5-9A91-03A2218BF6FD}"
EndProject
Project("{8BB2217D-0F2D-49D1-97BC-3654ED321F3B}") = "QuickGraph", "src\QuickGraph\QuickGraph.xproj", "{62665C64-6DFB-4898-9422-0B03EE2BCC81}"
EndProject
Project("{8BB2217D-0F2D-49D1-97BC-3654ED321F3B}") = "QuickGraph.Data", "src\QuickGraph.Data\QuickGraph.Data.xproj", "{C133CB88-DE57-4F1F-82C6-2B0A3DDCC9AA}"
EndProject
Project("{8BB2217D-0F2D-49D1-97BC-3654ED321F3B}") = "QuickGraph.Tests", "tests\QuickGraph.Tests\QuickGraph.Tests.xproj", "{47311CE7-36A8-4D35-BAD7-F394CA2F26B0}"
EndProject
Project("{2150E333-8FDC-42A3-9474-1A3956D46DE8}") = "Solution Items", "Solution Items", "{EF3AD38A-6AA5-48B5-9B3C-7585040BF624}"
	ProjectSection(SolutionItems) = preProject
		global.json = global.json
	EndProjectSection
EndProject
Global
	GlobalSection(SolutionConfigurationPlatforms) = preSolution
		Debug|Any CPU = Debug|Any CPU
		Release|Any CPU = Release|Any CPU
		Release20|Any CPU = Release20|Any CPU
	EndGlobalSection
	GlobalSection(ProjectConfigurationPlatforms) = postSolution
		{595D6322-637A-4A36-97F1-D53F3F9ECEA7}.Debug|Any CPU.ActiveCfg = Debug|Any CPU
		{595D6322-637A-4A36-97F1-D53F3F9ECEA7}.Debug|Any CPU.Build.0 = Debug|Any CPU
		{595D6322-637A-4A36-97F1-D53F3F9ECEA7}.Release|Any CPU.ActiveCfg = Release|Any CPU
		{595D6322-637A-4A36-97F1-D53F3F9ECEA7}.Release|Any CPU.Build.0 = Release|Any CPU
		{595D6322-637A-4A36-97F1-D53F3F9ECEA7}.Release20|Any CPU.ActiveCfg = Release20|Any CPU
		{595D6322-637A-4A36-97F1-D53F3F9ECEA7}.Release20|Any CPU.Build.0 = Release20|Any CPU
		{8836CFAC-D2B0-47A5-9A91-03A2218BF6FD}.Debug|Any CPU.ActiveCfg = Debug|Any CPU
		{8836CFAC-D2B0-47A5-9A91-03A2218BF6FD}.Debug|Any CPU.Build.0 = Debug|Any CPU
		{8836CFAC-D2B0-47A5-9A91-03A2218BF6FD}.Release|Any CPU.ActiveCfg = Release|Any CPU
		{8836CFAC-D2B0-47A5-9A91-03A2218BF6FD}.Release|Any CPU.Build.0 = Release|Any CPU
		{8836CFAC-D2B0-47A5-9A91-03A2218BF6FD}.Release20|Any CPU.ActiveCfg = Release|Any CPU
		{8836CFAC-D2B0-47A5-9A91-03A2218BF6FD}.Release20|Any CPU.Build.0 = Release|Any CPU
		{62665C64-6DFB-4898-9422-0B03EE2BCC81}.Debug|Any CPU.ActiveCfg = Debug|Any CPU
		{62665C64-6DFB-4898-9422-0B03EE2BCC81}.Debug|Any CPU.Build.0 = Debug|Any CPU
		{62665C64-6DFB-4898-9422-0B03EE2BCC81}.Release|Any CPU.ActiveCfg = Release|Any CPU
		{62665C64-6DFB-4898-9422-0B03EE2BCC81}.Release|Any CPU.Build.0 = Release|Any CPU
		{62665C64-6DFB-4898-9422-0B03EE2BCC81}.Release20|Any CPU.ActiveCfg = Release|Any CPU
		{62665C64-6DFB-4898-9422-0B03EE2BCC81}.Release20|Any CPU.Build.0 = Release|Any CPU
		{C133CB88-DE57-4F1F-82C6-2B0A3DDCC9AA}.Debug|Any CPU.ActiveCfg = Debug|Any CPU
		{C133CB88-DE57-4F1F-82C6-2B0A3DDCC9AA}.Debug|Any CPU.Build.0 = Debug|Any CPU
		{C133CB88-DE57-4F1F-82C6-2B0A3DDCC9AA}.Release|Any CPU.ActiveCfg = Release|Any CPU
		{C133CB88-DE57-4F1F-82C6-2B0A3DDCC9AA}.Release|Any CPU.Build.0 = Release|Any CPU
		{C133CB88-DE57-4F1F-82C6-2B0A3DDCC9AA}.Release20|Any CPU.ActiveCfg = Release|Any CPU
		{C133CB88-DE57-4F1F-82C6-2B0A3DDCC9AA}.Release20|Any CPU.Build.0 = Release|Any CPU
		{47311CE7-36A8-4D35-BAD7-F394CA2F26B0}.Debug|Any CPU.ActiveCfg = Debug|Any CPU
		{47311CE7-36A8-4D35-BAD7-F394CA2F26B0}.Debug|Any CPU.Build.0 = Debug|Any CPU
		{47311CE7-36A8-4D35-BAD7-F394CA2F26B0}.Release|Any CPU.ActiveCfg = Release|Any CPU
		{47311CE7-36A8-4D35-BAD7-F394CA2F26B0}.Release|Any CPU.Build.0 = Release|Any CPU
		{47311CE7-36A8-4D35-BAD7-F394CA2F26B0}.Release20|Any CPU.ActiveCfg = Release|Any CPU
		{47311CE7-36A8-4D35-BAD7-F394CA2F26B0}.Release20|Any CPU.Build.0 = Release|Any CPU
	EndGlobalSection
	GlobalSection(SolutionProperties) = preSolution
		HideSolutionNode = FALSE
	EndGlobalSection
	GlobalSection(NestedProjects) = preSolution
		{595D6322-637A-4A36-97F1-D53F3F9ECEA7} = {7A2A3C07-B652-4759-AFC4-49378D764784}
		{8836CFAC-D2B0-47A5-9A91-03A2218BF6FD} = {7A2A3C07-B652-4759-AFC4-49378D764784}
		{62665C64-6DFB-4898-9422-0B03EE2BCC81} = {7A2A3C07-B652-4759-AFC4-49378D764784}
		{C133CB88-DE57-4F1F-82C6-2B0A3DDCC9AA} = {7A2A3C07-B652-4759-AFC4-49378D764784}
		{47311CE7-36A8-4D35-BAD7-F394CA2F26B0} = {22937B93-4129-4F68-AB14-F7AFE020BA8F}
	EndGlobalSection
	GlobalSection(TestCaseManagementSettings) = postSolution
		CategoryFile = QuickGraph1.vsmdi
	EndGlobalSection
EndGlobal
